
Microsoft Visual Studio Solution File, Format Version 12.00
# Visual Studio Version 16
VisualStudioVersion = 16.0.28803.452
MinimumVisualStudioVersion = 10.0.40219.1
Project("{9A19103F-16F7-4668-BE54-9A1E7A4F7556}") = "PrimeiroProjeto", "PrimeiroProjeto\PrimeiroProjeto.csproj", "{920057E3-CA02-468D-AC03-97F4C6A9EB11}"
EndProject
Project("{FAE04EC0-301F-11D3-BF4B-00C04F79EFBC}") = "PrimeiroExercicio", "PrimeiroExercicio\PrimeiroExercicio.csproj", "{6F0CB606-8F34-4C43-983F-CB8616B29445}"
EndProject
Project("{FAE04EC0-301F-11D3-BF4B-00C04F79EFBC}") = "PrimeiroExercicio2", "PrimeiroExercicio2\PrimeiroExercicio2.csproj", "{91E6A225-A8A9-4525-83EB-066DD9BB2847}"
EndProject
Global
	GlobalSection(SolutionConfigurationPlatforms) = preSolution
		Debug|Any CPU = Debug|Any CPU
		Release|Any CPU = Release|Any CPU
	EndGlobalSection
	GlobalSection(ProjectConfigurationPlatforms) = postSolution
		{920057E3-CA02-468D-AC03-97F4C6A9EB11}.Debug|Any CPU.ActiveCfg = Debug|Any CPU
		{920057E3-CA02-468D-AC03-97F4C6A9EB11}.Debug|Any CPU.Build.0 = Debug|Any CPU
		{920057E3-CA02-468D-AC03-97F4C6A9EB11}.Release|Any CPU.ActiveCfg = Release|Any CPU
		{920057E3-CA02-468D-AC03-97F4C6A9EB11}.Release|Any CPU.Build.0 = Release|Any CPU
		{6F0CB606-8F34-4C43-983F-CB8616B29445}.Debug|Any CPU.ActiveCfg = Debug|Any CPU
		{6F0CB606-8F34-4C43-983F-CB8616B29445}.Debug|Any CPU.Build.0 = Debug|Any CPU
		{6F0CB606-8F34-4C43-983F-CB8616B29445}.Release|Any CPU.ActiveCfg = Release|Any CPU
		{6F0CB606-8F34-4C43-983F-CB8616B29445}.Release|Any CPU.Build.0 = Release|Any CPU
		{91E6A225-A8A9-4525-83EB-066DD9BB2847}.Debug|Any CPU.ActiveCfg = Debug|Any CPU
		{91E6A225-A8A9-4525-83EB-066DD9BB2847}.Debug|Any CPU.Build.0 = Debug|Any CPU
		{91E6A225-A8A9-4525-83EB-066DD9BB2847}.Release|Any CPU.ActiveCfg = Release|Any CPU
		{91E6A225-A8A9-4525-83EB-066DD9BB2847}.Release|Any CPU.Build.0 = Release|Any CPU
	EndGlobalSection
	GlobalSection(SolutionProperties) = preSolution
		HideSolutionNode = FALSE
	EndGlobalSection
	GlobalSection(ExtensibilityGlobals) = postSolution
		SolutionGuid = {DE773B9D-E7EF-41F4-AB23-A0F7F7C44A06}
	EndGlobalSection
EndGlobal
