
Microsoft Visual Studio Solution File, Format Version 12.00
# Visual Studio Version 16
VisualStudioVersion = 16.0.29215.179
MinimumVisualStudioVersion = 10.0.40219.1
Project("{FAE04EC0-301F-11D3-BF4B-00C04F79EFBC}") = "AspCoreMVC_TagHelper", "AspCoreMVC_TagHelper\AspCoreMVC_TagHelper.csproj", "{71E20883-9565-4FF4-892B-1BA5AF1521AF}"
EndProject
Global
	GlobalSection(SolutionConfigurationPlatforms) = preSolution
		Debug|Any CPU = Debug|Any CPU
		Release|Any CPU = Release|Any CPU
	EndGlobalSection
	GlobalSection(ProjectConfigurationPlatforms) = postSolution
		{71E20883-9565-4FF4-892B-1BA5AF1521AF}.Debug|Any CPU.ActiveCfg = Debug|Any CPU
		{71E20883-9565-4FF4-892B-1BA5AF1521AF}.Debug|Any CPU.Build.0 = Debug|Any CPU
		{71E20883-9565-4FF4-892B-1BA5AF1521AF}.Release|Any CPU.ActiveCfg = Release|Any CPU
		{71E20883-9565-4FF4-892B-1BA5AF1521AF}.Release|Any CPU.Build.0 = Release|Any CPU
	EndGlobalSection
	GlobalSection(SolutionProperties) = preSolution
		HideSolutionNode = FALSE
	EndGlobalSection
	GlobalSection(ExtensibilityGlobals) = postSolution
		SolutionGuid = {E47E4F84-616F-4130-BB09-06F7686B2108}
	EndGlobalSection
EndGlobal
