
Microsoft Visual Studio Solution File, Format Version 12.00
# Visual Studio Version 16
VisualStudioVersion = 16.0.29215.179
MinimumVisualStudioVersion = 10.0.40219.1
Project("{FAE04EC0-301F-11D3-BF4B-00C04F79EFBC}") = "Flyweight", "Flyweight\Flyweight.csproj", "{A9F44F7D-6D47-48B6-A389-D54D232D1DA5}"
EndProject
Global
	GlobalSection(SolutionConfigurationPlatforms) = preSolution
		Debug|Any CPU = Debug|Any CPU
		Release|Any CPU = Release|Any CPU
	EndGlobalSection
	GlobalSection(ProjectConfigurationPlatforms) = postSolution
		{A9F44F7D-6D47-48B6-A389-D54D232D1DA5}.Debug|Any CPU.ActiveCfg = Debug|Any CPU
		{A9F44F7D-6D47-48B6-A389-D54D232D1DA5}.Debug|Any CPU.Build.0 = Debug|Any CPU
		{A9F44F7D-6D47-48B6-A389-D54D232D1DA5}.Release|Any CPU.ActiveCfg = Release|Any CPU
		{A9F44F7D-6D47-48B6-A389-D54D232D1DA5}.Release|Any CPU.Build.0 = Release|Any CPU
	EndGlobalSection
	GlobalSection(SolutionProperties) = preSolution
		HideSolutionNode = FALSE
	EndGlobalSection
	GlobalSection(ExtensibilityGlobals) = postSolution
		SolutionGuid = {8CEF1BBD-FB00-42EE-947C-EF65533286BB}
	EndGlobalSection
EndGlobal
