
Microsoft Visual Studio Solution File, Format Version 12.00
# Visual Studio Version 16
VisualStudioVersion = 16.0.28922.388
MinimumVisualStudioVersion = 10.0.40219.1
Project("{FAE04EC0-301F-11D3-BF4B-00C04F79EFBC}") = "UsoVar", "UsoVar\UsoVar.csproj", "{F15FD82F-FEEC-43A9-A16A-706D2F1144E7}"
EndProject
Global
	GlobalSection(SolutionConfigurationPlatforms) = preSolution
		Debug|Any CPU = Debug|Any CPU
		Release|Any CPU = Release|Any CPU
	EndGlobalSection
	GlobalSection(ProjectConfigurationPlatforms) = postSolution
		{F15FD82F-FEEC-43A9-A16A-706D2F1144E7}.Debug|Any CPU.ActiveCfg = Debug|Any CPU
		{F15FD82F-FEEC-43A9-A16A-706D2F1144E7}.Debug|Any CPU.Build.0 = Debug|Any CPU
		{F15FD82F-FEEC-43A9-A16A-706D2F1144E7}.Release|Any CPU.ActiveCfg = Release|Any CPU
		{F15FD82F-FEEC-43A9-A16A-706D2F1144E7}.Release|Any CPU.Build.0 = Release|Any CPU
	EndGlobalSection
	GlobalSection(SolutionProperties) = preSolution
		HideSolutionNode = FALSE
	EndGlobalSection
	GlobalSection(ExtensibilityGlobals) = postSolution
		SolutionGuid = {9D102F67-44BF-4EF0-A873-C4E313B2FBA1}
	EndGlobalSection
EndGlobal
