
Microsoft Visual Studio Solution File, Format Version 12.00
# Visual Studio Version 16
VisualStudioVersion = 16.0.28922.388
MinimumVisualStudioVersion = 10.0.40219.1
Project("{FAE04EC0-301F-11D3-BF4B-00C04F79EFBC}") = "Listas", "Listas\Listas.csproj", "{DF57685E-B1BC-4ECF-87F5-4618145D4609}"
EndProject
Project("{FAE04EC0-301F-11D3-BF4B-00C04F79EFBC}") = "Exercicio1", "Exercicio1\Exercicio1.csproj", "{C2C54623-A6EA-4754-9177-0B72ADB34C2F}"
EndProject
Global
	GlobalSection(SolutionConfigurationPlatforms) = preSolution
		Debug|Any CPU = Debug|Any CPU
		Release|Any CPU = Release|Any CPU
	EndGlobalSection
	GlobalSection(ProjectConfigurationPlatforms) = postSolution
		{DF57685E-B1BC-4ECF-87F5-4618145D4609}.Debug|Any CPU.ActiveCfg = Debug|Any CPU
		{DF57685E-B1BC-4ECF-87F5-4618145D4609}.Debug|Any CPU.Build.0 = Debug|Any CPU
		{DF57685E-B1BC-4ECF-87F5-4618145D4609}.Release|Any CPU.ActiveCfg = Release|Any CPU
		{DF57685E-B1BC-4ECF-87F5-4618145D4609}.Release|Any CPU.Build.0 = Release|Any CPU
		{C2C54623-A6EA-4754-9177-0B72ADB34C2F}.Debug|Any CPU.ActiveCfg = Debug|Any CPU
		{C2C54623-A6EA-4754-9177-0B72ADB34C2F}.Debug|Any CPU.Build.0 = Debug|Any CPU
		{C2C54623-A6EA-4754-9177-0B72ADB34C2F}.Release|Any CPU.ActiveCfg = Release|Any CPU
		{C2C54623-A6EA-4754-9177-0B72ADB34C2F}.Release|Any CPU.Build.0 = Release|Any CPU
	EndGlobalSection
	GlobalSection(SolutionProperties) = preSolution
		HideSolutionNode = FALSE
	EndGlobalSection
	GlobalSection(ExtensibilityGlobals) = postSolution
		SolutionGuid = {1E57C605-75B9-4D38-BAE0-EFB4BC6430F3}
	EndGlobalSection
EndGlobal
