
Microsoft Visual Studio Solution File, Format Version 12.00
# Visual Studio Version 16
VisualStudioVersion = 16.0.29020.237
MinimumVisualStudioVersion = 10.0.40219.1
Project("{FAE04EC0-301F-11D3-BF4B-00C04F79EFBC}") = "Course", "Course\Course.csproj", "{DF9E36A3-2614-4921-BCD5-49BF78B7EDAA}"
EndProject
Project("{FAE04EC0-301F-11D3-BF4B-00C04F79EFBC}") = "CourseI", "CourseI\CourseI.csproj", "{C73B8594-BD3C-4637-93D1-8B915AF6DCF1}"
EndProject
Global
	GlobalSection(SolutionConfigurationPlatforms) = preSolution
		Debug|Any CPU = Debug|Any CPU
		Release|Any CPU = Release|Any CPU
	EndGlobalSection
	GlobalSection(ProjectConfigurationPlatforms) = postSolution
		{DF9E36A3-2614-4921-BCD5-49BF78B7EDAA}.Debug|Any CPU.ActiveCfg = Debug|Any CPU
		{DF9E36A3-2614-4921-BCD5-49BF78B7EDAA}.Debug|Any CPU.Build.0 = Debug|Any CPU
		{DF9E36A3-2614-4921-BCD5-49BF78B7EDAA}.Release|Any CPU.ActiveCfg = Release|Any CPU
		{DF9E36A3-2614-4921-BCD5-49BF78B7EDAA}.Release|Any CPU.Build.0 = Release|Any CPU
		{C73B8594-BD3C-4637-93D1-8B915AF6DCF1}.Debug|Any CPU.ActiveCfg = Debug|Any CPU
		{C73B8594-BD3C-4637-93D1-8B915AF6DCF1}.Debug|Any CPU.Build.0 = Debug|Any CPU
		{C73B8594-BD3C-4637-93D1-8B915AF6DCF1}.Release|Any CPU.ActiveCfg = Release|Any CPU
		{C73B8594-BD3C-4637-93D1-8B915AF6DCF1}.Release|Any CPU.Build.0 = Release|Any CPU
	EndGlobalSection
	GlobalSection(SolutionProperties) = preSolution
		HideSolutionNode = FALSE
	EndGlobalSection
	GlobalSection(ExtensibilityGlobals) = postSolution
		SolutionGuid = {998A96BB-66E1-4086-9357-F2659467CBE4}
	EndGlobalSection
EndGlobal
