
Microsoft Visual Studio Solution File, Format Version 12.00
# Visual Studio Version 16
VisualStudioVersion = 16.0.28922.388
MinimumVisualStudioVersion = 10.0.40219.1
Project("{FAE04EC0-301F-11D3-BF4B-00C04F79EFBC}") = "Conjunto", "Conjunto\Conjunto.csproj", "{BC06BFF0-D633-4812-A205-58882B1B36F5}"
EndProject
Global
	GlobalSection(SolutionConfigurationPlatforms) = preSolution
		Debug|Any CPU = Debug|Any CPU
		Release|Any CPU = Release|Any CPU
	EndGlobalSection
	GlobalSection(ProjectConfigurationPlatforms) = postSolution
		{BC06BFF0-D633-4812-A205-58882B1B36F5}.Debug|Any CPU.ActiveCfg = Debug|Any CPU
		{BC06BFF0-D633-4812-A205-58882B1B36F5}.Debug|Any CPU.Build.0 = Debug|Any CPU
		{BC06BFF0-D633-4812-A205-58882B1B36F5}.Release|Any CPU.ActiveCfg = Release|Any CPU
		{BC06BFF0-D633-4812-A205-58882B1B36F5}.Release|Any CPU.Build.0 = Release|Any CPU
	EndGlobalSection
	GlobalSection(SolutionProperties) = preSolution
		HideSolutionNode = FALSE
	EndGlobalSection
	GlobalSection(ExtensibilityGlobals) = postSolution
		SolutionGuid = {FC806CD5-BBD7-44A5-A7FF-0CEBC6E2E602}
	EndGlobalSection
EndGlobal
