
Microsoft Visual Studio Solution File, Format Version 12.00
# Visual Studio Version 16
VisualStudioVersion = 16.0.28922.388
MinimumVisualStudioVersion = 10.0.40219.1
Project("{9A19103F-16F7-4668-BE54-9A1E7A4F7556}") = "TerceiroProjeto", "TerceiroProjeto\TerceiroProjeto.csproj", "{9B888F1A-FF1B-4095-8585-8BCAADC8E74A}"
EndProject
Project("{FAE04EC0-301F-11D3-BF4B-00C04F79EFBC}") = "Exercicio1", "Exercicio1\Exercicio1.csproj", "{321B210A-F5CA-4D0C-9753-E2DF8C3FD024}"
EndProject
Global
	GlobalSection(SolutionConfigurationPlatforms) = preSolution
		Debug|Any CPU = Debug|Any CPU
		Release|Any CPU = Release|Any CPU
	EndGlobalSection
	GlobalSection(ProjectConfigurationPlatforms) = postSolution
		{9B888F1A-FF1B-4095-8585-8BCAADC8E74A}.Debug|Any CPU.ActiveCfg = Debug|Any CPU
		{9B888F1A-FF1B-4095-8585-8BCAADC8E74A}.Debug|Any CPU.Build.0 = Debug|Any CPU
		{9B888F1A-FF1B-4095-8585-8BCAADC8E74A}.Release|Any CPU.ActiveCfg = Release|Any CPU
		{9B888F1A-FF1B-4095-8585-8BCAADC8E74A}.Release|Any CPU.Build.0 = Release|Any CPU
		{321B210A-F5CA-4D0C-9753-E2DF8C3FD024}.Debug|Any CPU.ActiveCfg = Debug|Any CPU
		{321B210A-F5CA-4D0C-9753-E2DF8C3FD024}.Debug|Any CPU.Build.0 = Debug|Any CPU
		{321B210A-F5CA-4D0C-9753-E2DF8C3FD024}.Release|Any CPU.ActiveCfg = Release|Any CPU
		{321B210A-F5CA-4D0C-9753-E2DF8C3FD024}.Release|Any CPU.Build.0 = Release|Any CPU
	EndGlobalSection
	GlobalSection(SolutionProperties) = preSolution
		HideSolutionNode = FALSE
	EndGlobalSection
	GlobalSection(ExtensibilityGlobals) = postSolution
		SolutionGuid = {A882F830-90E4-4064-B851-9D2DAC5A3675}
	EndGlobalSection
EndGlobal
