
Microsoft Visual Studio Solution File, Format Version 12.00
# Visual Studio Version 16
VisualStudioVersion = 16.0.29020.237
MinimumVisualStudioVersion = 10.0.40219.1
Project("{9A19103F-16F7-4668-BE54-9A1E7A4F7556}") = "Course", "Course\Course.csproj", "{8C0B67AC-5F77-4EB9-97B3-89B37C2612B6}"
EndProject
Project("{FAE04EC0-301F-11D3-BF4B-00C04F79EFBC}") = "Course1", "Course1\Course1.csproj", "{99DA4A13-4306-4C6C-84A5-EED7E8F05F7B}"
EndProject
Project("{FAE04EC0-301F-11D3-BF4B-00C04F79EFBC}") = "Course2", "Course2\Course2.csproj", "{9696C614-B9F2-4DCF-B87B-7245DF84F485}"
EndProject
Global
	GlobalSection(SolutionConfigurationPlatforms) = preSolution
		Debug|Any CPU = Debug|Any CPU
		Release|Any CPU = Release|Any CPU
	EndGlobalSection
	GlobalSection(ProjectConfigurationPlatforms) = postSolution
		{8C0B67AC-5F77-4EB9-97B3-89B37C2612B6}.Debug|Any CPU.ActiveCfg = Debug|Any CPU
		{8C0B67AC-5F77-4EB9-97B3-89B37C2612B6}.Debug|Any CPU.Build.0 = Debug|Any CPU
		{8C0B67AC-5F77-4EB9-97B3-89B37C2612B6}.Release|Any CPU.ActiveCfg = Release|Any CPU
		{8C0B67AC-5F77-4EB9-97B3-89B37C2612B6}.Release|Any CPU.Build.0 = Release|Any CPU
		{99DA4A13-4306-4C6C-84A5-EED7E8F05F7B}.Debug|Any CPU.ActiveCfg = Debug|Any CPU
		{99DA4A13-4306-4C6C-84A5-EED7E8F05F7B}.Debug|Any CPU.Build.0 = Debug|Any CPU
		{99DA4A13-4306-4C6C-84A5-EED7E8F05F7B}.Release|Any CPU.ActiveCfg = Release|Any CPU
		{99DA4A13-4306-4C6C-84A5-EED7E8F05F7B}.Release|Any CPU.Build.0 = Release|Any CPU
		{9696C614-B9F2-4DCF-B87B-7245DF84F485}.Debug|Any CPU.ActiveCfg = Debug|Any CPU
		{9696C614-B9F2-4DCF-B87B-7245DF84F485}.Debug|Any CPU.Build.0 = Debug|Any CPU
		{9696C614-B9F2-4DCF-B87B-7245DF84F485}.Release|Any CPU.ActiveCfg = Release|Any CPU
		{9696C614-B9F2-4DCF-B87B-7245DF84F485}.Release|Any CPU.Build.0 = Release|Any CPU
	EndGlobalSection
	GlobalSection(SolutionProperties) = preSolution
		HideSolutionNode = FALSE
	EndGlobalSection
	GlobalSection(ExtensibilityGlobals) = postSolution
		SolutionGuid = {C44AF643-64ED-4F51-9C3C-C0A6ACF5BE67}
	EndGlobalSection
EndGlobal
