
Microsoft Visual Studio Solution File, Format Version 12.00
# Visual Studio Version 16
VisualStudioVersion = 16.0.28922.388
MinimumVisualStudioVersion = 10.0.40219.1
Project("{9A19103F-16F7-4668-BE54-9A1E7A4F7556}") = "DatasETempo", "DatasETempo\DatasETempo.csproj", "{A4E6D28B-CC67-4492-8777-DEBAEA16DEE1}"
EndProject
Project("{9A19103F-16F7-4668-BE54-9A1E7A4F7556}") = "TimeSpanAula", "TimeSpan\TimeSpanAula.csproj", "{EF118237-7745-40A9-AEAE-7A5D436B0CAF}"
EndProject
Project("{FAE04EC0-301F-11D3-BF4B-00C04F79EFBC}") = "PropriedadesEOperacoes", "PropriedadesEOperacoes\PropriedadesEOperacoes.csproj", "{614ADAD7-F34D-4678-83B7-E26878E7DCE8}"
EndProject
Project("{FAE04EC0-301F-11D3-BF4B-00C04F79EFBC}") = "PropOpTimeSpan", "PropOpTimeSpan\PropOpTimeSpan.csproj", "{20AAD816-1CD6-471C-AC2C-F86E1E4A2C80}"
EndProject
Project("{FAE04EC0-301F-11D3-BF4B-00C04F79EFBC}") = "DateKindISO", "DateKindISO\DateKindISO.csproj", "{EE58CEE2-2521-4CC2-916F-7943D0D3372E}"
EndProject
Global
	GlobalSection(SolutionConfigurationPlatforms) = preSolution
		Debug|Any CPU = Debug|Any CPU
		Release|Any CPU = Release|Any CPU
	EndGlobalSection
	GlobalSection(ProjectConfigurationPlatforms) = postSolution
		{A4E6D28B-CC67-4492-8777-DEBAEA16DEE1}.Debug|Any CPU.ActiveCfg = Debug|Any CPU
		{A4E6D28B-CC67-4492-8777-DEBAEA16DEE1}.Debug|Any CPU.Build.0 = Debug|Any CPU
		{A4E6D28B-CC67-4492-8777-DEBAEA16DEE1}.Release|Any CPU.ActiveCfg = Release|Any CPU
		{A4E6D28B-CC67-4492-8777-DEBAEA16DEE1}.Release|Any CPU.Build.0 = Release|Any CPU
		{EF118237-7745-40A9-AEAE-7A5D436B0CAF}.Debug|Any CPU.ActiveCfg = Debug|Any CPU
		{EF118237-7745-40A9-AEAE-7A5D436B0CAF}.Debug|Any CPU.Build.0 = Debug|Any CPU
		{EF118237-7745-40A9-AEAE-7A5D436B0CAF}.Release|Any CPU.ActiveCfg = Release|Any CPU
		{EF118237-7745-40A9-AEAE-7A5D436B0CAF}.Release|Any CPU.Build.0 = Release|Any CPU
		{614ADAD7-F34D-4678-83B7-E26878E7DCE8}.Debug|Any CPU.ActiveCfg = Debug|Any CPU
		{614ADAD7-F34D-4678-83B7-E26878E7DCE8}.Debug|Any CPU.Build.0 = Debug|Any CPU
		{614ADAD7-F34D-4678-83B7-E26878E7DCE8}.Release|Any CPU.ActiveCfg = Release|Any CPU
		{614ADAD7-F34D-4678-83B7-E26878E7DCE8}.Release|Any CPU.Build.0 = Release|Any CPU
		{20AAD816-1CD6-471C-AC2C-F86E1E4A2C80}.Debug|Any CPU.ActiveCfg = Debug|Any CPU
		{20AAD816-1CD6-471C-AC2C-F86E1E4A2C80}.Debug|Any CPU.Build.0 = Debug|Any CPU
		{20AAD816-1CD6-471C-AC2C-F86E1E4A2C80}.Release|Any CPU.ActiveCfg = Release|Any CPU
		{20AAD816-1CD6-471C-AC2C-F86E1E4A2C80}.Release|Any CPU.Build.0 = Release|Any CPU
		{EE58CEE2-2521-4CC2-916F-7943D0D3372E}.Debug|Any CPU.ActiveCfg = Debug|Any CPU
		{EE58CEE2-2521-4CC2-916F-7943D0D3372E}.Debug|Any CPU.Build.0 = Debug|Any CPU
		{EE58CEE2-2521-4CC2-916F-7943D0D3372E}.Release|Any CPU.ActiveCfg = Release|Any CPU
		{EE58CEE2-2521-4CC2-916F-7943D0D3372E}.Release|Any CPU.Build.0 = Release|Any CPU
	EndGlobalSection
	GlobalSection(SolutionProperties) = preSolution
		HideSolutionNode = FALSE
	EndGlobalSection
	GlobalSection(ExtensibilityGlobals) = postSolution
		SolutionGuid = {1DA8389E-5E5E-4789-AA9D-B0CD09D081DB}
	EndGlobalSection
EndGlobal
