
Microsoft Visual Studio Solution File, Format Version 12.00
# Visual Studio Version 16
VisualStudioVersion = 16.0.29020.237
MinimumVisualStudioVersion = 10.0.40219.1
Project("{FAE04EC0-301F-11D3-BF4B-00C04F79EFBC}") = "Course", "Course\Course.csproj", "{E6207936-A659-4A2C-AE97-A4887EA15BB0}"
EndProject
Global
	GlobalSection(SolutionConfigurationPlatforms) = preSolution
		Debug|Any CPU = Debug|Any CPU
		Release|Any CPU = Release|Any CPU
	EndGlobalSection
	GlobalSection(ProjectConfigurationPlatforms) = postSolution
		{E6207936-A659-4A2C-AE97-A4887EA15BB0}.Debug|Any CPU.ActiveCfg = Debug|Any CPU
		{E6207936-A659-4A2C-AE97-A4887EA15BB0}.Debug|Any CPU.Build.0 = Debug|Any CPU
		{E6207936-A659-4A2C-AE97-A4887EA15BB0}.Release|Any CPU.ActiveCfg = Release|Any CPU
		{E6207936-A659-4A2C-AE97-A4887EA15BB0}.Release|Any CPU.Build.0 = Release|Any CPU
	EndGlobalSection
	GlobalSection(SolutionProperties) = preSolution
		HideSolutionNode = FALSE
	EndGlobalSection
	GlobalSection(ExtensibilityGlobals) = postSolution
		SolutionGuid = {F35DE173-D64F-49C1-94CC-F075FAAAF63A}
	EndGlobalSection
EndGlobal
