
Microsoft Visual Studio Solution File, Format Version 12.00
# Visual Studio Version 16
VisualStudioVersion = 16.0.29215.179
MinimumVisualStudioVersion = 10.0.40219.1
Project("{FAE04EC0-301F-11D3-BF4B-00C04F79EFBC}") = "Memento", "Memento\Memento.csproj", "{61EABB7E-70C5-4DD3-9803-F150D4802B70}"
EndProject
Global
	GlobalSection(SolutionConfigurationPlatforms) = preSolution
		Debug|Any CPU = Debug|Any CPU
		Release|Any CPU = Release|Any CPU
	EndGlobalSection
	GlobalSection(ProjectConfigurationPlatforms) = postSolution
		{61EABB7E-70C5-4DD3-9803-F150D4802B70}.Debug|Any CPU.ActiveCfg = Debug|Any CPU
		{61EABB7E-70C5-4DD3-9803-F150D4802B70}.Debug|Any CPU.Build.0 = Debug|Any CPU
		{61EABB7E-70C5-4DD3-9803-F150D4802B70}.Release|Any CPU.ActiveCfg = Release|Any CPU
		{61EABB7E-70C5-4DD3-9803-F150D4802B70}.Release|Any CPU.Build.0 = Release|Any CPU
	EndGlobalSection
	GlobalSection(SolutionProperties) = preSolution
		HideSolutionNode = FALSE
	EndGlobalSection
	GlobalSection(ExtensibilityGlobals) = postSolution
		SolutionGuid = {8FE02E50-2A64-45D3-850B-1F57B750E1E7}
	EndGlobalSection
EndGlobal
