
Microsoft Visual Studio Solution File, Format Version 12.00
# Visual Studio Version 16
VisualStudioVersion = 16.0.30413.136
MinimumVisualStudioVersion = 10.0.40219.1
Project("{FAE04EC0-301F-11D3-BF4B-00C04F79EFBC}") = "GenericsCS", "GenericsCS\GenericsCS.csproj", "{B5999230-6828-4855-9C40-CE89EB7956ED}"
EndProject
Project("{FAE04EC0-301F-11D3-BF4B-00C04F79EFBC}") = "GenericsCS2", "GenericsCS2\GenericsCS2.csproj", "{D1C59D60-DC9D-40F9-99C8-023FFC56E262}"
EndProject
Global
	GlobalSection(SolutionConfigurationPlatforms) = preSolution
		Debug|Any CPU = Debug|Any CPU
		Release|Any CPU = Release|Any CPU
	EndGlobalSection
	GlobalSection(ProjectConfigurationPlatforms) = postSolution
		{B5999230-6828-4855-9C40-CE89EB7956ED}.Debug|Any CPU.ActiveCfg = Debug|Any CPU
		{B5999230-6828-4855-9C40-CE89EB7956ED}.Debug|Any CPU.Build.0 = Debug|Any CPU
		{B5999230-6828-4855-9C40-CE89EB7956ED}.Release|Any CPU.ActiveCfg = Release|Any CPU
		{B5999230-6828-4855-9C40-CE89EB7956ED}.Release|Any CPU.Build.0 = Release|Any CPU
		{D1C59D60-DC9D-40F9-99C8-023FFC56E262}.Debug|Any CPU.ActiveCfg = Debug|Any CPU
		{D1C59D60-DC9D-40F9-99C8-023FFC56E262}.Debug|Any CPU.Build.0 = Debug|Any CPU
		{D1C59D60-DC9D-40F9-99C8-023FFC56E262}.Release|Any CPU.ActiveCfg = Release|Any CPU
		{D1C59D60-DC9D-40F9-99C8-023FFC56E262}.Release|Any CPU.Build.0 = Release|Any CPU
	EndGlobalSection
	GlobalSection(SolutionProperties) = preSolution
		HideSolutionNode = FALSE
	EndGlobalSection
	GlobalSection(ExtensibilityGlobals) = postSolution
		SolutionGuid = {771073DC-1578-4CC4-B0DD-50E4B7BCC315}
	EndGlobalSection
EndGlobal
